// !$*UTF8*$!
{
	archiveVersion = 1;
	classes = {
	};
	objectVersion = 77;
	objects = {

/* Begin PBXBuildFile section */
		93191A322EE65A360055E2B7 /* Extension+UIButton.swift in Sources */ = {isa = PBXBuildFile; fileRef = 93191A312EE65A360055E2B7 /* Extension+UIButton.swift */; };
		93191A342EE65B880055E2B7 /* Extension+UIImageView.swift in Sources */ = {isa = PBXBuildFile; fileRef = 93191A332EE65B720055E2B7 /* Extension+UIImageView.swift */; };
		93191A3F2EE6628B0055E2B7 /* ProductResponse.swift in Sources */ = {isa = PBXBuildFile; fileRef = 93191A3E2EE662810055E2B7 /* ProductResponse.swift */; };
		93191A412EE662920055E2B7 /* BrandResponse.swift in Sources */ = {isa = PBXBuildFile; fileRef = 93191A402EE6628E0055E2B7 /* BrandResponse.swift */; };
		93191A432EE6629D0055E2B7 /* CategoryResponse.swift in Sources */ = {isa = PBXBuildFile; fileRef = 93191A422EE662960055E2B7 /* CategoryResponse.swift */; };
		93191A472EE6769E0055E2B7 /* OrderResponse.swift in Sources */ = {isa = PBXBuildFile; fileRef = 93191A462EE676990055E2B7 /* OrderResponse.swift */; };
		93191A492EE676C10055E2B7 /* ShippingResponse.swift in Sources */ = {isa = PBXBuildFile; fileRef = 93191A482EE676BD0055E2B7 /* ShippingResponse.swift */; };
		93191A4B2EE677BC0055E2B7 /* OrderItemResponse.swift in Sources */ = {isa = PBXBuildFile; fileRef = 93191A4A2EE677B00055E2B7 /* OrderItemResponse.swift */; };
		93191A4D2EE679D90055E2B7 /* ProductPurchaseRequest.swift in Sources */ = {isa = PBXBuildFile; fileRef = 93191A4C2EE679D20055E2B7 /* ProductPurchaseRequest.swift */; };
		93191A4F2EE679E30055E2B7 /* OrderRequest.swift in Sources */ = {isa = PBXBuildFile; fileRef = 93191A4E2EE679DD0055E2B7 /* OrderRequest.swift */; };
		93191A512EE67C9B0055E2B7 /* CustomerResponse.swift in Sources */ = {isa = PBXBuildFile; fileRef = 93191A502EE67C950055E2B7 /* CustomerResponse.swift */; };
		93191A552EE67D410055E2B7 /* AddressResponse.swift in Sources */ = {isa = PBXBuildFile; fileRef = 93191A542EE67D3E0055E2B7 /* AddressResponse.swift */; };
		93191A582EE67EBB0055E2B7 /* UserRequest.swift in Sources */ = {isa = PBXBuildFile; fileRef = 93191A572EE67EB70055E2B7 /* UserRequest.swift */; };
		93191A5A2EE67EC20055E2B7 /* UserResponse.swift in Sources */ = {isa = PBXBuildFile; fileRef = 93191A592EE67EBF0055E2B7 /* UserResponse.swift */; };
		93191A5E2EE682B50055E2B7 /* APIError.swift in Sources */ = {isa = PBXBuildFile; fileRef = 93191A5D2EE682B10055E2B7 /* APIError.swift */; };
		93191A602EE683390055E2B7 /* PaymentMethod.swift in Sources */ = {isa = PBXBuildFile; fileRef = 93191A5F2EE683330055E2B7 /* PaymentMethod.swift */; };
		93191A622EE683490055E2B7 /* Uom.swift in Sources */ = {isa = PBXBuildFile; fileRef = 93191A612EE683460055E2B7 /* Uom.swift */; };
		93819FD22EE50657002B5876 /* AppDelegate.swift in Sources */ = {isa = PBXBuildFile; fileRef = 93819FC82EE50657002B5876 /* AppDelegate.swift */; };
		93819FD32EE50657002B5876 /* HomeController.swift in Sources */ = {isa = PBXBuildFile; fileRef = 93819FCA2EE50657002B5876 /* HomeController.swift */; };
		93819FD42EE50657002B5876 /* SceneDelegate.swift in Sources */ = {isa = PBXBuildFile; fileRef = 93819FD02EE50657002B5876 /* SceneDelegate.swift */; };
		93819FD52EE50657002B5876 /* Assets.xcassets in Resources */ = {isa = PBXBuildFile; fileRef = 93819FC92EE50657002B5876 /* Assets.xcassets */; };
		93819FD72EE50657002B5876 /* LaunchScreen.storyboard in Resources */ = {isa = PBXBuildFile; fileRef = 93819FCD2EE50657002B5876 /* LaunchScreen.storyboard */; };
		93819FD82EE50657002B5876 /* Main.storyboard in Resources */ = {isa = PBXBuildFile; fileRef = 93819FCF2EE50657002B5876 /* Main.storyboard */; };
		93819FDB2EE5069C002B5876 /* APICaller.swift in Sources */ = {isa = PBXBuildFile; fileRef = 93819FDA2EE5069C002B5876 /* APICaller.swift */; };
/* End PBXBuildFile section */

/* Begin PBXFileReference section */
		93191A2F2EE656290055E2B7 /* WineNot.app */ = {isa = PBXFileReference; explicitFileType = wrapper.application; includeInIndex = 0; path = WineNot.app; sourceTree = BUILT_PRODUCTS_DIR; };
		93191A312EE65A360055E2B7 /* Extension+UIButton.swift */ = {isa = PBXFileReference; lastKnownFileType = sourcecode.swift; path = "Extension+UIButton.swift"; sourceTree = "<group>"; };
		93191A332EE65B720055E2B7 /* Extension+UIImageView.swift */ = {isa = PBXFileReference; lastKnownFileType = sourcecode.swift; path = "Extension+UIImageView.swift"; sourceTree = "<group>"; };
		93191A3E2EE662810055E2B7 /* ProductResponse.swift */ = {isa = PBXFileReference; lastKnownFileType = sourcecode.swift; path = ProductResponse.swift; sourceTree = "<group>"; };
		93191A402EE6628E0055E2B7 /* BrandResponse.swift */ = {isa = PBXFileReference; lastKnownFileType = sourcecode.swift; path = BrandResponse.swift; sourceTree = "<group>"; };
		93191A422EE662960055E2B7 /* CategoryResponse.swift */ = {isa = PBXFileReference; lastKnownFileType = sourcecode.swift; path = CategoryResponse.swift; sourceTree = "<group>"; };
		93191A462EE676990055E2B7 /* OrderResponse.swift */ = {isa = PBXFileReference; lastKnownFileType = sourcecode.swift; path = OrderResponse.swift; sourceTree = "<group>"; };
		93191A482EE676BD0055E2B7 /* ShippingResponse.swift */ = {isa = PBXFileReference; lastKnownFileType = sourcecode.swift; path = ShippingResponse.swift; sourceTree = "<group>"; };
		93191A4A2EE677B00055E2B7 /* OrderItemResponse.swift */ = {isa = PBXFileReference; lastKnownFileType = sourcecode.swift; path = OrderItemResponse.swift; sourceTree = "<group>"; };
		93191A4C2EE679D20055E2B7 /* ProductPurchaseRequest.swift */ = {isa = PBXFileReference; lastKnownFileType = sourcecode.swift; path = ProductPurchaseRequest.swift; sourceTree = "<group>"; };
		93191A4E2EE679DD0055E2B7 /* OrderRequest.swift */ = {isa = PBXFileReference; lastKnownFileType = sourcecode.swift; path = OrderRequest.swift; sourceTree = "<group>"; };
		93191A502EE67C950055E2B7 /* CustomerResponse.swift */ = {isa = PBXFileReference; lastKnownFileType = sourcecode.swift; path = CustomerResponse.swift; sourceTree = "<group>"; };
		93191A542EE67D3E0055E2B7 /* AddressResponse.swift */ = {isa = PBXFileReference; lastKnownFileType = sourcecode.swift; path = AddressResponse.swift; sourceTree = "<group>"; };
		93191A572EE67EB70055E2B7 /* UserRequest.swift */ = {isa = PBXFileReference; lastKnownFileType = sourcecode.swift; path = UserRequest.swift; sourceTree = "<group>"; };
		93191A592EE67EBF0055E2B7 /* UserResponse.swift */ = {isa = PBXFileReference; lastKnownFileType = sourcecode.swift; path = UserResponse.swift; sourceTree = "<group>"; };
		93191A5D2EE682B10055E2B7 /* APIError.swift */ = {isa = PBXFileReference; lastKnownFileType = sourcecode.swift; path = APIError.swift; sourceTree = "<group>"; };
		93191A5F2EE683330055E2B7 /* PaymentMethod.swift */ = {isa = PBXFileReference; lastKnownFileType = sourcecode.swift; path = PaymentMethod.swift; sourceTree = "<group>"; };
		93191A612EE683460055E2B7 /* Uom.swift */ = {isa = PBXFileReference; lastKnownFileType = sourcecode.swift; path = Uom.swift; sourceTree = "<group>"; };
		93819FC82EE50657002B5876 /* AppDelegate.swift */ = {isa = PBXFileReference; lastKnownFileType = sourcecode.swift; path = AppDelegate.swift; sourceTree = "<group>"; };
		93819FC92EE50657002B5876 /* Assets.xcassets */ = {isa = PBXFileReference; lastKnownFileType = folder.assetcatalog; path = Assets.xcassets; sourceTree = "<group>"; };
		93819FCA2EE50657002B5876 /* HomeController.swift */ = {isa = PBXFileReference; lastKnownFileType = sourcecode.swift; path = HomeController.swift; sourceTree = "<group>"; };
		93819FCB2EE50657002B5876 /* Info.plist */ = {isa = PBXFileReference; lastKnownFileType = text.plist.xml; path = Info.plist; sourceTree = "<group>"; };
		93819FCC2EE50657002B5876 /* Base */ = {isa = PBXFileReference; lastKnownFileType = file.storyboard; name = Base; path = Base.lproj/LaunchScreen.storyboard; sourceTree = "<group>"; };
		93819FCE2EE50657002B5876 /* Base */ = {isa = PBXFileReference; lastKnownFileType = file.storyboard; name = Base; path = Base.lproj/Main.storyboard; sourceTree = "<group>"; };
		93819FD02EE50657002B5876 /* SceneDelegate.swift */ = {isa = PBXFileReference; lastKnownFileType = sourcecode.swift; path = SceneDelegate.swift; sourceTree = "<group>"; };
		93819FDA2EE5069C002B5876 /* APICaller.swift */ = {isa = PBXFileReference; lastKnownFileType = sourcecode.swift; path = APICaller.swift; sourceTree = "<group>"; };
/* End PBXFileReference section */

/* Begin PBXFrameworksBuildPhase section */
		93B184B02EE288EB0018CDBB /* Frameworks */ = {
			isa = PBXFrameworksBuildPhase;
			buildActionMask = 2147483647;
			files = (
			);
			runOnlyForDeploymentPostprocessing = 0;
		};
/* End PBXFrameworksBuildPhase section */

/* Begin PBXGroup section */
		93191A302EE65A0B0055E2B7 /* Extensions */ = {
			isa = PBXGroup;
			children = (
				93191A332EE65B720055E2B7 /* Extension+UIImageView.swift */,
				93191A312EE65A360055E2B7 /* Extension+UIButton.swift */,
			);
			path = Extensions;
			sourceTree = "<group>";
		};
		93191A352EE6602A0055E2B7 /* Product */ = {
			isa = PBXGroup;
			children = (
				93191A422EE662960055E2B7 /* CategoryResponse.swift */,
				93191A402EE6628E0055E2B7 /* BrandResponse.swift */,
				93191A3E2EE662810055E2B7 /* ProductResponse.swift */,
			);
			path = Product;
			sourceTree = "<group>";
		};
		93191A442EE6641D0055E2B7 /* Customer */ = {
			isa = PBXGroup;
			children = (
				93191A542EE67D3E0055E2B7 /* AddressResponse.swift */,
				93191A502EE67C950055E2B7 /* CustomerResponse.swift */,
			);
			path = Customer;
			sourceTree = "<group>";
		};
		93191A452EE6642E0055E2B7 /* Order */ = {
			isa = PBXGroup;
			children = (
				93191A4E2EE679DD0055E2B7 /* OrderRequest.swift */,
				93191A4C2EE679D20055E2B7 /* ProductPurchaseRequest.swift */,
				93191A4A2EE677B00055E2B7 /* OrderItemResponse.swift */,
				93191A482EE676BD0055E2B7 /* ShippingResponse.swift */,
				93191A462EE676990055E2B7 /* OrderResponse.swift */,
			);
			path = Order;
			sourceTree = "<group>";
		};
		93191A562EE67D840055E2B7 /* Login */ = {
			isa = PBXGroup;
			children = (
				93191A592EE67EBF0055E2B7 /* UserResponse.swift */,
				93191A572EE67EB70055E2B7 /* UserRequest.swift */,
			);
			path = Login;
			sourceTree = "<group>";
		};
		93191A5B2EE681BD0055E2B7 /* Models */ = {
			isa = PBXGroup;
			children = (
				93191A352EE6602A0055E2B7 /* Product */,
				93191A442EE6641D0055E2B7 /* Customer */,
				93191A452EE6642E0055E2B7 /* Order */,
				93191A562EE67D840055E2B7 /* Login */,
			);
			path = Models;
			sourceTree = "<group>";
		};
		93191A5C2EE682100055E2B7 /* Enums */ = {
			isa = PBXGroup;
			children = (
				93191A612EE683460055E2B7 /* Uom.swift */,
				93191A5F2EE683330055E2B7 /* PaymentMethod.swift */,
				93191A5D2EE682B10055E2B7 /* APIError.swift */,
			);
			path = Enums;
			sourceTree = "<group>";
		};
		93191A632EE6852C0055E2B7 /* Controllers */ = {
			isa = PBXGroup;
			children = (
				93819FCA2EE50657002B5876 /* HomeController.swift */,
			);
			path = Controllers;
			sourceTree = "<group>";
		};
		93819FD12EE50657002B5876 /* WineNot */ = {
			isa = PBXGroup;
			children = (
				93191A632EE6852C0055E2B7 /* Controllers */,
				93191A5C2EE682100055E2B7 /* Enums */,
				93191A5B2EE681BD0055E2B7 /* Models */,
				93191A302EE65A0B0055E2B7 /* Extensions */,
				93819FD92EE5065E002B5876 /* Networking */,
				93819FC82EE50657002B5876 /* AppDelegate.swift */,
				93819FC92EE50657002B5876 /* Assets.xcassets */,
				93819FCB2EE50657002B5876 /* Info.plist */,
				93819FCD2EE50657002B5876 /* LaunchScreen.storyboard */,
				93819FCF2EE50657002B5876 /* Main.storyboard */,
				93819FD02EE50657002B5876 /* SceneDelegate.swift */,
			);
			path = WineNot;
			sourceTree = "<group>";
		};
		93819FD92EE5065E002B5876 /* Networking */ = {
			isa = PBXGroup;
			children = (
				93819FDA2EE5069C002B5876 /* APICaller.swift */,
			);
			path = Networking;
			sourceTree = "<group>";
		};
		93B184AA2EE288EB0018CDBB = {
			isa = PBXGroup;
			children = (
				93819FD12EE50657002B5876 /* WineNot */,
				93191A2F2EE656290055E2B7 /* WineNot.app */,
			);
			sourceTree = "<group>";
		};
/* End PBXGroup section */

/* Begin PBXNativeTarget section */
		93B184B22EE288EB0018CDBB /* WineNot */ = {
			isa = PBXNativeTarget;
			buildConfigurationList = 93B184C62EE288EB0018CDBB /* Build configuration list for PBXNativeTarget "WineNot" */;
			buildPhases = (
				93B184AF2EE288EB0018CDBB /* Sources */,
				93B184B02EE288EB0018CDBB /* Frameworks */,
				93B184B12EE288EB0018CDBB /* Resources */,
			);
			buildRules = (
			);
			dependencies = (
			);
			name = WineNot;
			packageProductDependencies = (
			);
			productName = WineNot;
			productReference = 93191A2F2EE656290055E2B7 /* WineNot.app */;
			productType = "com.apple.product-type.application";
		};
/* End PBXNativeTarget section */

/* Begin PBXProject section */
		93B184AB2EE288EB0018CDBB /* Project object */ = {
			isa = PBXProject;
			attributes = {
				BuildIndependentTargetsInParallel = 1;
				LastSwiftUpdateCheck = 2610;
				LastUpgradeCheck = 2610;
				TargetAttributes = {
					93B184B22EE288EB0018CDBB = {
						CreatedOnToolsVersion = 26.1.1;
					};
				};
			};
			buildConfigurationList = 93B184AE2EE288EB0018CDBB /* Build configuration list for PBXProject "WineNot" */;
			developmentRegion = en;
			hasScannedForEncodings = 0;
			knownRegions = (
				en,
				Base,
			);
			mainGroup = 93B184AA2EE288EB0018CDBB;
			minimizedProjectReferenceProxies = 1;
			preferredProjectObjectVersion = 77;
			productRefGroup = 93B184AA2EE288EB0018CDBB;
			projectDirPath = "";
			projectRoot = "";
			targets = (
				93B184B22EE288EB0018CDBB /* WineNot */,
			);
		};
/* End PBXProject section */

/* Begin PBXResourcesBuildPhase section */
		93B184B12EE288EB0018CDBB /* Resources */ = {
			isa = PBXResourcesBuildPhase;
			buildActionMask = 2147483647;
			files = (
				93819FD52EE50657002B5876 /* Assets.xcassets in Resources */,
				93819FD72EE50657002B5876 /* LaunchScreen.storyboard in Resources */,
				93819FD82EE50657002B5876 /* Main.storyboard in Resources */,
			);
			runOnlyForDeploymentPostprocessing = 0;
		};
/* End PBXResourcesBuildPhase section */

/* Begin PBXSourcesBuildPhase section */
		93B184AF2EE288EB0018CDBB /* Sources */ = {
			isa = PBXSourcesBuildPhase;
			buildActionMask = 2147483647;
			files = (
				93191A5E2EE682B50055E2B7 /* APIError.swift in Sources */,
				93191A4F2EE679E30055E2B7 /* OrderRequest.swift in Sources */,
				93819FD22EE50657002B5876 /* AppDelegate.swift in Sources */,
				93819FD32EE50657002B5876 /* HomeController.swift in Sources */,
				93819FD42EE50657002B5876 /* SceneDelegate.swift in Sources */,
				93819FDB2EE5069C002B5876 /* APICaller.swift in Sources */,
				93191A552EE67D410055E2B7 /* AddressResponse.swift in Sources */,
				93191A512EE67C9B0055E2B7 /* CustomerResponse.swift in Sources */,
				93191A4B2EE677BC0055E2B7 /* OrderItemResponse.swift in Sources */,
				93191A602EE683390055E2B7 /* PaymentMethod.swift in Sources */,
				93191A412EE662920055E2B7 /* BrandResponse.swift in Sources */,
				93191A472EE6769E0055E2B7 /* OrderResponse.swift in Sources */,
				93191A342EE65B880055E2B7 /* Extension+UIImageView.swift in Sources */,
				93191A492EE676C10055E2B7 /* ShippingResponse.swift in Sources */,
				93191A4D2EE679D90055E2B7 /* ProductPurchaseRequest.swift in Sources */,
				93191A582EE67EBB0055E2B7 /* UserRequest.swift in Sources */,
				93191A622EE683490055E2B7 /* Uom.swift in Sources */,
				93191A322EE65A360055E2B7 /* Extension+UIButton.swift in Sources */,
				93191A3F2EE6628B0055E2B7 /* ProductResponse.swift in Sources */,
				93191A432EE6629D0055E2B7 /* CategoryResponse.swift in Sources */,
				93191A5A2EE67EC20055E2B7 /* UserResponse.swift in Sources */,
			);
			runOnlyForDeploymentPostprocessing = 0;
		};
/* End PBXSourcesBuildPhase section */

/* Begin PBXVariantGroup section */
		93819FCD2EE50657002B5876 /* LaunchScreen.storyboard */ = {
			isa = PBXVariantGroup;
			children = (
				93819FCC2EE50657002B5876 /* Base */,
			);
			name = LaunchScreen.storyboard;
			sourceTree = "<group>";
		};
		93819FCF2EE50657002B5876 /* Main.storyboard */ = {
			isa = PBXVariantGroup;
			children = (
				93819FCE2EE50657002B5876 /* Base */,
			);
			name = Main.storyboard;
			sourceTree = "<group>";
		};
/* End PBXVariantGroup section */

/* Begin XCBuildConfiguration section */
		93B184C72EE288EB0018CDBB /* Debug */ = {
			isa = XCBuildConfiguration;
			buildSettings = {
				ASSETCATALOG_COMPILER_APPICON_NAME = AppIcon;
				ASSETCATALOG_COMPILER_GLOBAL_ACCENT_COLOR_NAME = AccentColor;
				CODE_SIGN_STYLE = Automatic;
				CURRENT_PROJECT_VERSION = 1;
				DEVELOPMENT_TEAM = 59BAW28SR4;
				GENERATE_INFOPLIST_FILE = YES;
				INFOPLIST_FILE = WineNot/Info.plist;
				INFOPLIST_KEY_UIApplicationSupportsIndirectInputEvents = YES;
				INFOPLIST_KEY_UILaunchStoryboardName = LaunchScreen;
				INFOPLIST_KEY_UIMainStoryboardFile = Main;
				INFOPLIST_KEY_UISupportedInterfaceOrientations_iPad = "UIInterfaceOrientationPortrait UIInterfaceOrientationPortraitUpsideDown UIInterfaceOrientationLandscapeLeft UIInterfaceOrientationLandscapeRight";
				INFOPLIST_KEY_UISupportedInterfaceOrientations_iPhone = "UIInterfaceOrientationPortrait UIInterfaceOrientationLandscapeLeft UIInterfaceOrientationLandscapeRight";
				LD_RUNPATH_SEARCH_PATHS = (
					"$(inherited)",
					"@executable_path/Frameworks",
				);
				MARKETING_VERSION = 1.0;
				PRODUCT_BUNDLE_IDENTIFIER = com.winenotapp.WineNot;
				PRODUCT_NAME = "$(TARGET_NAME)";
				STRING_CATALOG_GENERATE_SYMBOLS = YES;
				SWIFT_APPROACHABLE_CONCURRENCY = YES;
				SWIFT_DEFAULT_ACTOR_ISOLATION = MainActor;
				SWIFT_EMIT_LOC_STRINGS = YES;
				SWIFT_UPCOMING_FEATURE_MEMBER_IMPORT_VISIBILITY = YES;
				SWIFT_VERSION = 5.0;
				TARGETED_DEVICE_FAMILY = "1,2";
			};
			name = Debug;
		};
		93B184C82EE288EB0018CDBB /* Release */ = {
			isa = XCBuildConfiguration;
			buildSettings = {
				ASSETCATALOG_COMPILER_APPICON_NAME = AppIcon;
				ASSETCATALOG_COMPILER_GLOBAL_ACCENT_COLOR_NAME = AccentColor;
				CODE_SIGN_STYLE = Automatic;
				CURRENT_PROJECT_VERSION = 1;
				DEVELOPMENT_TEAM = 59BAW28SR4;
				GENERATE_INFOPLIST_FILE = YES;
				INFOPLIST_FILE = WineNot/Info.plist;
				INFOPLIST_KEY_UIApplicationSupportsIndirectInputEvents = YES;
				INFOPLIST_KEY_UILaunchStoryboardName = LaunchScreen;
				INFOPLIST_KEY_UIMainStoryboardFile = Main;
				INFOPLIST_KEY_UISupportedInterfaceOrientations_iPad = "UIInterfaceOrientationPortrait UIInterfaceOrientationPortraitUpsideDown UIInterfaceOrientationLandscapeLeft UIInterfaceOrientationLandscapeRight";
				INFOPLIST_KEY_UISupportedInterfaceOrientations_iPhone = "UIInterfaceOrientationPortrait UIInterfaceOrientationLandscapeLeft UIInterfaceOrientationLandscapeRight";
				LD_RUNPATH_SEARCH_PATHS = (
					"$(inherited)",
					"@executable_path/Frameworks",
				);
				MARKETING_VERSION = 1.0;
				PRODUCT_BUNDLE_IDENTIFIER = com.winenotapp.WineNot;
				PRODUCT_NAME = "$(TARGET_NAME)";
				STRING_CATALOG_GENERATE_SYMBOLS = YES;
				SWIFT_APPROACHABLE_CONCURRENCY = YES;
				SWIFT_DEFAULT_ACTOR_ISOLATION = MainActor;
				SWIFT_EMIT_LOC_STRINGS = YES;
				SWIFT_UPCOMING_FEATURE_MEMBER_IMPORT_VISIBILITY = YES;
				SWIFT_VERSION = 5.0;
				TARGETED_DEVICE_FAMILY = "1,2";
			};
			name = Release;
		};
		93B184C92EE288EB0018CDBB /* Debug */ = {
			isa = XCBuildConfiguration;
			buildSettings = {
				ALWAYS_SEARCH_USER_PATHS = NO;
				ASSETCATALOG_COMPILER_GENERATE_SWIFT_ASSET_SYMBOL_EXTENSIONS = YES;
				CLANG_ANALYZER_NONNULL = YES;
				CLANG_ANALYZER_NUMBER_OBJECT_CONVERSION = YES_AGGRESSIVE;
				CLANG_CXX_LANGUAGE_STANDARD = "gnu++20";
				CLANG_ENABLE_MODULES = YES;
				CLANG_ENABLE_OBJC_ARC = YES;
				CLANG_ENABLE_OBJC_WEAK = YES;
				CLANG_WARN_BLOCK_CAPTURE_AUTORELEASING = YES;
				CLANG_WARN_BOOL_CONVERSION = YES;
				CLANG_WARN_COMMA = YES;
				CLANG_WARN_CONSTANT_CONVERSION = YES;
				CLANG_WARN_DEPRECATED_OBJC_IMPLEMENTATIONS = YES;
				CLANG_WARN_DIRECT_OBJC_ISA_USAGE = YES_ERROR;
				CLANG_WARN_DOCUMENTATION_COMMENTS = YES;
				CLANG_WARN_EMPTY_BODY = YES;
				CLANG_WARN_ENUM_CONVERSION = YES;
				CLANG_WARN_INFINITE_RECURSION = YES;
				CLANG_WARN_INT_CONVERSION = YES;
				CLANG_WARN_NON_LITERAL_NULL_CONVERSION = YES;
				CLANG_WARN_OBJC_IMPLICIT_RETAIN_SELF = YES;
				CLANG_WARN_OBJC_LITERAL_CONVERSION = YES;
				CLANG_WARN_OBJC_ROOT_CLASS = YES_ERROR;
				CLANG_WARN_QUOTED_INCLUDE_IN_FRAMEWORK_HEADER = YES;
				CLANG_WARN_RANGE_LOOP_ANALYSIS = YES;
				CLANG_WARN_STRICT_PROTOTYPES = YES;
				CLANG_WARN_SUSPICIOUS_MOVE = YES;
				CLANG_WARN_UNGUARDED_AVAILABILITY = YES_AGGRESSIVE;
				CLANG_WARN_UNREACHABLE_CODE = YES;
				CLANG_WARN__DUPLICATE_METHOD_MATCH = YES;
				COPY_PHASE_STRIP = NO;
				DEBUG_INFORMATION_FORMAT = dwarf;
				ENABLE_STRICT_OBJC_MSGSEND = YES;
				ENABLE_TESTABILITY = YES;
				ENABLE_USER_SCRIPT_SANDBOXING = YES;
				GCC_C_LANGUAGE_STANDARD = gnu17;
				GCC_DYNAMIC_NO_PIC = NO;
				GCC_NO_COMMON_BLOCKS = YES;
				GCC_OPTIMIZATION_LEVEL = 0;
				GCC_PREPROCESSOR_DEFINITIONS = (
					"DEBUG=1",
					"$(inherited)",
				);
				GCC_WARN_64_TO_32_BIT_CONVERSION = YES;
				GCC_WARN_ABOUT_RETURN_TYPE = YES_ERROR;
				GCC_WARN_UNDECLARED_SELECTOR = YES;
				GCC_WARN_UNINITIALIZED_AUTOS = YES_AGGRESSIVE;
				GCC_WARN_UNUSED_FUNCTION = YES;
				GCC_WARN_UNUSED_VARIABLE = YES;
				IPHONEOS_DEPLOYMENT_TARGET = 26.1;
				LOCALIZATION_PREFERS_STRING_CATALOGS = YES;
				MTL_ENABLE_DEBUG_INFO = INCLUDE_SOURCE;
				MTL_FAST_MATH = YES;
				ONLY_ACTIVE_ARCH = YES;
				SDKROOT = iphoneos;
				SWIFT_ACTIVE_COMPILATION_CONDITIONS = "DEBUG $(inherited)";
				SWIFT_OPTIMIZATION_LEVEL = "-Onone";
			};
			name = Debug;
		};
		93B184CA2EE288EB0018CDBB /* Release */ = {
			isa = XCBuildConfiguration;
			buildSettings = {
				ALWAYS_SEARCH_USER_PATHS = NO;
				ASSETCATALOG_COMPILER_GENERATE_SWIFT_ASSET_SYMBOL_EXTENSIONS = YES;
				CLANG_ANALYZER_NONNULL = YES;
				CLANG_ANALYZER_NUMBER_OBJECT_CONVERSION = YES_AGGRESSIVE;
				CLANG_CXX_LANGUAGE_STANDARD = "gnu++20";
				CLANG_ENABLE_MODULES = YES;
				CLANG_ENABLE_OBJC_ARC = YES;
				CLANG_ENABLE_OBJC_WEAK = YES;
				CLANG_WARN_BLOCK_CAPTURE_AUTORELEASING = YES;
				CLANG_WARN_BOOL_CONVERSION = YES;
				CLANG_WARN_COMMA = YES;
				CLANG_WARN_CONSTANT_CONVERSION = YES;
				CLANG_WARN_DEPRECATED_OBJC_IMPLEMENTATIONS = YES;
				CLANG_WARN_DIRECT_OBJC_ISA_USAGE = YES_ERROR;
				CLANG_WARN_DOCUMENTATION_COMMENTS = YES;
				CLANG_WARN_EMPTY_BODY = YES;
				CLANG_WARN_ENUM_CONVERSION = YES;
				CLANG_WARN_INFINITE_RECURSION = YES;
				CLANG_WARN_INT_CONVERSION = YES;
				CLANG_WARN_NON_LITERAL_NULL_CONVERSION = YES;
				CLANG_WARN_OBJC_IMPLICIT_RETAIN_SELF = YES;
				CLANG_WARN_OBJC_LITERAL_CONVERSION = YES;
				CLANG_WARN_OBJC_ROOT_CLASS = YES_ERROR;
				CLANG_WARN_QUOTED_INCLUDE_IN_FRAMEWORK_HEADER = YES;
				CLANG_WARN_RANGE_LOOP_ANALYSIS = YES;
				CLANG_WARN_STRICT_PROTOTYPES = YES;
				CLANG_WARN_SUSPICIOUS_MOVE = YES;
				CLANG_WARN_UNGUARDED_AVAILABILITY = YES_AGGRESSIVE;
				CLANG_WARN_UNREACHABLE_CODE = YES;
				CLANG_WARN__DUPLICATE_METHOD_MATCH = YES;
				COPY_PHASE_STRIP = NO;
				DEBUG_INFORMATION_FORMAT = "dwarf-with-dsym";
				ENABLE_NS_ASSERTIONS = NO;
				ENABLE_STRICT_OBJC_MSGSEND = YES;
				ENABLE_USER_SCRIPT_SANDBOXING = YES;
				GCC_C_LANGUAGE_STANDARD = gnu17;
				GCC_NO_COMMON_BLOCKS = YES;
				GCC_WARN_64_TO_32_BIT_CONVERSION = YES;
				GCC_WARN_ABOUT_RETURN_TYPE = YES_ERROR;
				GCC_WARN_UNDECLARED_SELECTOR = YES;
				GCC_WARN_UNINITIALIZED_AUTOS = YES_AGGRESSIVE;
				GCC_WARN_UNUSED_FUNCTION = YES;
				GCC_WARN_UNUSED_VARIABLE = YES;
				IPHONEOS_DEPLOYMENT_TARGET = 26.1;
				LOCALIZATION_PREFERS_STRING_CATALOGS = YES;
				MTL_ENABLE_DEBUG_INFO = NO;
				MTL_FAST_MATH = YES;
				SDKROOT = iphoneos;
				SWIFT_COMPILATION_MODE = wholemodule;
				VALIDATE_PRODUCT = YES;
			};
			name = Release;
		};
/* End XCBuildConfiguration section */

/* Begin XCConfigurationList section */
		93B184AE2EE288EB0018CDBB /* Build configuration list for PBXProject "WineNot" */ = {
			isa = XCConfigurationList;
			buildConfigurations = (
				93B184C92EE288EB0018CDBB /* Debug */,
				93B184CA2EE288EB0018CDBB /* Release */,
			);
			defaultConfigurationIsVisible = 0;
			defaultConfigurationName = Release;
		};
		93B184C62EE288EB0018CDBB /* Build configuration list for PBXNativeTarget "WineNot" */ = {
			isa = XCConfigurationList;
			buildConfigurations = (
				93B184C72EE288EB0018CDBB /* Debug */,
				93B184C82EE288EB0018CDBB /* Release */,
			);
			defaultConfigurationIsVisible = 0;
			defaultConfigurationName = Release;
		};
/* End XCConfigurationList section */
	};
	rootObject = 93B184AB2EE288EB0018CDBB /* Project object */;
}
